
Microsoft Visual Studio Solution File, Format Version 12.00
# Visual Studio Version 16
VisualStudioVersion = 16.0.31025.194
MinimumVisualStudioVersion = 10.0.40219.1
Project("{FAE04EC0-301F-11D3-BF4B-00C04F79EFBC}") = "assignment1", "assignment1\assignment1.csproj", "{725E63DA-8BA3-4D88-BEA6-39E9A40F13FC}"
EndProject
Project("{FAE04EC0-301F-11D3-BF4B-00C04F79EFBC}") = "assignment2", "assignment2\assignment2.csproj", "{A6541373-FC74-4CC8-861C-C8482D24D04C}"
EndProject
Project("{FAE04EC0-301F-11D3-BF4B-00C04F79EFBC}") = "DAL", "DAL\DAL.csproj", "{CE19FE44-659E-4EFC-A8FF-405E4D79AAB9}"
EndProject
Project("{FAE04EC0-301F-11D3-BF4B-00C04F79EFBC}") = "Model", "Model\Model.csproj", "{CBCC0953-FC73-448B-ABF1-E8A892064D1E}"
EndProject
Global
	GlobalSection(SolutionConfigurationPlatforms) = preSolution
		Debug|Any CPU = Debug|Any CPU
		Release|Any CPU = Release|Any CPU
	EndGlobalSection
	GlobalSection(ProjectConfigurationPlatforms) = postSolution
		{725E63DA-8BA3-4D88-BEA6-39E9A40F13FC}.Debug|Any CPU.ActiveCfg = Debug|Any CPU
		{725E63DA-8BA3-4D88-BEA6-39E9A40F13FC}.Debug|Any CPU.Build.0 = Debug|Any CPU
		{725E63DA-8BA3-4D88-BEA6-39E9A40F13FC}.Release|Any CPU.ActiveCfg = Release|Any CPU
		{725E63DA-8BA3-4D88-BEA6-39E9A40F13FC}.Release|Any CPU.Build.0 = Release|Any CPU
		{A6541373-FC74-4CC8-861C-C8482D24D04C}.Debug|Any CPU.ActiveCfg = Debug|Any CPU
		{A6541373-FC74-4CC8-861C-C8482D24D04C}.Debug|Any CPU.Build.0 = Debug|Any CPU
		{A6541373-FC74-4CC8-861C-C8482D24D04C}.Release|Any CPU.ActiveCfg = Release|Any CPU
		{A6541373-FC74-4CC8-861C-C8482D24D04C}.Release|Any CPU.Build.0 = Release|Any CPU
		{CE19FE44-659E-4EFC-A8FF-405E4D79AAB9}.Debug|Any CPU.ActiveCfg = Debug|Any CPU
		{CE19FE44-659E-4EFC-A8FF-405E4D79AAB9}.Debug|Any CPU.Build.0 = Debug|Any CPU
		{CE19FE44-659E-4EFC-A8FF-405E4D79AAB9}.Release|Any CPU.ActiveCfg = Release|Any CPU
		{CE19FE44-659E-4EFC-A8FF-405E4D79AAB9}.Release|Any CPU.Build.0 = Release|Any CPU
		{CBCC0953-FC73-448B-ABF1-E8A892064D1E}.Debug|Any CPU.ActiveCfg = Debug|Any CPU
		{CBCC0953-FC73-448B-ABF1-E8A892064D1E}.Debug|Any CPU.Build.0 = Debug|Any CPU
		{CBCC0953-FC73-448B-ABF1-E8A892064D1E}.Release|Any CPU.ActiveCfg = Release|Any CPU
		{CBCC0953-FC73-448B-ABF1-E8A892064D1E}.Release|Any CPU.Build.0 = Release|Any CPU
	EndGlobalSection
	GlobalSection(SolutionProperties) = preSolution
		HideSolutionNode = FALSE
	EndGlobalSection
	GlobalSection(ExtensibilityGlobals) = postSolution
		SolutionGuid = {57CB4F37-CD28-4E21-8431-EBE3910D2BCF}
	EndGlobalSection
EndGlobal
